
Microsoft Visual Studio Solution File, Format Version 12.00
# Visual Studio Version 16
VisualStudioVersion = 16.0.31410.357
MinimumVisualStudioVersion = 10.0.40219.1
Project("{FAE04EC0-301F-11D3-BF4B-00C04F79EFBC}") = "ColorChanger", "ColorChanger\ColorChanger.csproj", "{62488FF0-6D3F-4615-8773-82DA4592E663}"
EndProject
Global
	GlobalSection(SolutionConfigurationPlatforms) = preSolution
		Debug|Any CPU = Debug|Any CPU
		Release|Any CPU = Release|Any CPU
	EndGlobalSection
	GlobalSection(ProjectConfigurationPlatforms) = postSolution
		{62488FF0-6D3F-4615-8773-82DA4592E663}.Debug|Any CPU.ActiveCfg = Debug|Any CPU
		{62488FF0-6D3F-4615-8773-82DA4592E663}.Debug|Any CPU.Build.0 = Debug|Any CPU
		{62488FF0-6D3F-4615-8773-82DA4592E663}.Release|Any CPU.ActiveCfg = Release|Any CPU
		{62488FF0-6D3F-4615-8773-82DA4592E663}.Release|Any CPU.Build.0 = Release|Any CPU
	EndGlobalSection
	GlobalSection(SolutionProperties) = preSolution
		HideSolutionNode = FALSE
	EndGlobalSection
	GlobalSection(ExtensibilityGlobals) = postSolution
		SolutionGuid = {1AE00C64-ED1E-4DCB-B043-5D3DA812CFCF}
	EndGlobalSection
EndGlobal
